
Microsoft Visual Studio Solution File, Format Version 12.00
# Visual Studio Version 16
VisualStudioVersion = 16.0.29411.138
MinimumVisualStudioVersion = 10.0.40219.1
Project("{FAE04EC0-301F-11D3-BF4B-00C04F79EFBC}") = "Camellia Management System", "Camellia Management System.csproj", "{8FEF76AF-A12F-426B-BCA6-35E0C9A4C3E8}"
EndProject
Global
	GlobalSection(SolutionConfigurationPlatforms) = preSolution
		Debug|Any CPU = Debug|Any CPU
		Release|Any CPU = Release|Any CPU
	EndGlobalSection
	GlobalSection(ProjectConfigurationPlatforms) = postSolution
		{8FEF76AF-A12F-426B-BCA6-35E0C9A4C3E8}.Debug|Any CPU.ActiveCfg = Debug|Any CPU
		{8FEF76AF-A12F-426B-BCA6-35E0C9A4C3E8}.Debug|Any CPU.Build.0 = Debug|Any CPU
		{8FEF76AF-A12F-426B-BCA6-35E0C9A4C3E8}.Release|Any CPU.ActiveCfg = Release|Any CPU
		{8FEF76AF-A12F-426B-BCA6-35E0C9A4C3E8}.Release|Any CPU.Build.0 = Release|Any CPU
		{6798C674-7852-4998-91DB-54BC12BA5166}.Debug|Any CPU.ActiveCfg = Debug|Any CPU
		{6798C674-7852-4998-91DB-54BC12BA5166}.Debug|Any CPU.Build.0 = Debug|Any CPU
		{6798C674-7852-4998-91DB-54BC12BA5166}.Release|Any CPU.ActiveCfg = Release|Any CPU
		{6798C674-7852-4998-91DB-54BC12BA5166}.Release|Any CPU.Build.0 = Release|Any CPU
	EndGlobalSection
	GlobalSection(SolutionProperties) = preSolution
		HideSolutionNode = FALSE
	EndGlobalSection
	GlobalSection(ExtensibilityGlobals) = postSolution
		SolutionGuid = {12D1EBEC-2935-47E5-A435-706E4CEF0CA3}
	EndGlobalSection
EndGlobal
